
Microsoft Visual Studio Solution File, Format Version 12.00
# Visual Studio Version 16
VisualStudioVersion = 16.0.31729.503
MinimumVisualStudioVersion = 10.0.40219.1
Project("{FAE04EC0-301F-11D3-BF4B-00C04F79EFBC}") = "Cristea_Anamaria_Lab8", "Cristea_Anamaria_Lab8.csproj", "{F659C001-7FFD-4555-9E24-63D4B2D03441}"
EndProject
Global
	GlobalSection(SolutionConfigurationPlatforms) = preSolution
		Debug|Any CPU = Debug|Any CPU
		Release|Any CPU = Release|Any CPU
	EndGlobalSection
	GlobalSection(ProjectConfigurationPlatforms) = postSolution
		{F659C001-7FFD-4555-9E24-63D4B2D03441}.Debug|Any CPU.ActiveCfg = Debug|Any CPU
		{F659C001-7FFD-4555-9E24-63D4B2D03441}.Debug|Any CPU.Build.0 = Debug|Any CPU
		{F659C001-7FFD-4555-9E24-63D4B2D03441}.Release|Any CPU.ActiveCfg = Release|Any CPU
		{F659C001-7FFD-4555-9E24-63D4B2D03441}.Release|Any CPU.Build.0 = Release|Any CPU
	EndGlobalSection
	GlobalSection(SolutionProperties) = preSolution
		HideSolutionNode = FALSE
	EndGlobalSection
	GlobalSection(ExtensibilityGlobals) = postSolution
		SolutionGuid = {C41C94DF-A25F-40EA-998F-E44F3FF53C0C}
	EndGlobalSection
EndGlobal
